
Microsoft Visual Studio Solution File, Format Version 12.00
# Visual Studio 15
VisualStudioVersion = 15.0.27701.1
MinimumVisualStudioVersion = 10.0.40219.1
Project("{FAE04EC0-301F-11D3-BF4B-00C04F79EFBC}") = "Pattern.Android", "Pattern\Pattern.Android\Pattern.Android.csproj", "{0E76DA7C-5DE5-4E2B-9DCC-36436F160155}"
EndProject
Project("{FAE04EC0-301F-11D3-BF4B-00C04F79EFBC}") = "Pattern.iOS", "Pattern\Pattern.iOS\Pattern.iOS.csproj", "{15ED4FFA-5C3B-4B0F-A216-A3353BD97F5B}"
EndProject
Project("{9A19103F-16F7-4668-BE54-9A1E7A4F7556}") = "Pattern", "Pattern\Pattern\Pattern.csproj", "{EE0685A0-B845-4473-AF17-341EAD256BBC}"
EndProject
Project("{FAE04EC0-301F-11D3-BF4B-00C04F79EFBC}") = "Pattern.Tests", "Pattern.Tests\Pattern.Tests.csproj", "{09329374-68DE-4F95-9440-DED8E41B6475}"
EndProject
Global
	GlobalSection(SolutionConfigurationPlatforms) = preSolution
		Ad-Hoc|Any CPU = Ad-Hoc|Any CPU
		Ad-Hoc|iPhone = Ad-Hoc|iPhone
		Ad-Hoc|iPhoneSimulator = Ad-Hoc|iPhoneSimulator
		AppStore|Any CPU = AppStore|Any CPU
		AppStore|iPhone = AppStore|iPhone
		AppStore|iPhoneSimulator = AppStore|iPhoneSimulator
		Debug|Any CPU = Debug|Any CPU
		Debug|iPhone = Debug|iPhone
		Debug|iPhoneSimulator = Debug|iPhoneSimulator
		Release|Any CPU = Release|Any CPU
		Release|iPhone = Release|iPhone
		Release|iPhoneSimulator = Release|iPhoneSimulator
	EndGlobalSection
	GlobalSection(ProjectConfigurationPlatforms) = postSolution
		{0E76DA7C-5DE5-4E2B-9DCC-36436F160155}.Ad-Hoc|Any CPU.ActiveCfg = Release|Any CPU
		{0E76DA7C-5DE5-4E2B-9DCC-36436F160155}.Ad-Hoc|Any CPU.Build.0 = Release|Any CPU
		{0E76DA7C-5DE5-4E2B-9DCC-36436F160155}.Ad-Hoc|Any CPU.Deploy.0 = Release|Any CPU
		{0E76DA7C-5DE5-4E2B-9DCC-36436F160155}.Ad-Hoc|iPhone.ActiveCfg = Release|Any CPU
		{0E76DA7C-5DE5-4E2B-9DCC-36436F160155}.Ad-Hoc|iPhone.Build.0 = Release|Any CPU
		{0E76DA7C-5DE5-4E2B-9DCC-36436F160155}.Ad-Hoc|iPhone.Deploy.0 = Release|Any CPU
		{0E76DA7C-5DE5-4E2B-9DCC-36436F160155}.Ad-Hoc|iPhoneSimulator.ActiveCfg = Release|Any CPU
		{0E76DA7C-5DE5-4E2B-9DCC-36436F160155}.Ad-Hoc|iPhoneSimulator.Build.0 = Release|Any CPU
		{0E76DA7C-5DE5-4E2B-9DCC-36436F160155}.Ad-Hoc|iPhoneSimulator.Deploy.0 = Release|Any CPU
		{0E76DA7C-5DE5-4E2B-9DCC-36436F160155}.AppStore|Any CPU.ActiveCfg = Release|Any CPU
		{0E76DA7C-5DE5-4E2B-9DCC-36436F160155}.AppStore|Any CPU.Build.0 = Release|Any CPU
		{0E76DA7C-5DE5-4E2B-9DCC-36436F160155}.AppStore|Any CPU.Deploy.0 = Release|Any CPU
		{0E76DA7C-5DE5-4E2B-9DCC-36436F160155}.AppStore|iPhone.ActiveCfg = Release|Any CPU
		{0E76DA7C-5DE5-4E2B-9DCC-36436F160155}.AppStore|iPhone.Build.0 = Release|Any CPU
		{0E76DA7C-5DE5-4E2B-9DCC-36436F160155}.AppStore|iPhone.Deploy.0 = Release|Any CPU
		{0E76DA7C-5DE5-4E2B-9DCC-36436F160155}.AppStore|iPhoneSimulator.ActiveCfg = Release|Any CPU
		{0E76DA7C-5DE5-4E2B-9DCC-36436F160155}.AppStore|iPhoneSimulator.Build.0 = Release|Any CPU
		{0E76DA7C-5DE5-4E2B-9DCC-36436F160155}.AppStore|iPhoneSimulator.Deploy.0 = Release|Any CPU
		{0E76DA7C-5DE5-4E2B-9DCC-36436F160155}.Debug|Any CPU.ActiveCfg = Debug|Any CPU
		{0E76DA7C-5DE5-4E2B-9DCC-36436F160155}.Debug|Any CPU.Build.0 = Debug|Any CPU
		{0E76DA7C-5DE5-4E2B-9DCC-36436F160155}.Debug|Any CPU.Deploy.0 = Debug|Any CPU
		{0E76DA7C-5DE5-4E2B-9DCC-36436F160155}.Debug|iPhone.ActiveCfg = Debug|Any CPU
		{0E76DA7C-5DE5-4E2B-9DCC-36436F160155}.Debug|iPhone.Build.0 = Debug|Any CPU
		{0E76DA7C-5DE5-4E2B-9DCC-36436F160155}.Debug|iPhone.Deploy.0 = Debug|Any CPU
		{0E76DA7C-5DE5-4E2B-9DCC-36436F160155}.Debug|iPhoneSimulator.ActiveCfg = Debug|Any CPU
		{0E76DA7C-5DE5-4E2B-9DCC-36436F160155}.Debug|iPhoneSimulator.Build.0 = Debug|Any CPU
		{0E76DA7C-5DE5-4E2B-9DCC-36436F160155}.Debug|iPhoneSimulator.Deploy.0 = Debug|Any CPU
		{0E76DA7C-5DE5-4E2B-9DCC-36436F160155}.Release|Any CPU.ActiveCfg = Release|Any CPU
		{0E76DA7C-5DE5-4E2B-9DCC-36436F160155}.Release|Any CPU.Build.0 = Release|Any CPU
		{0E76DA7C-5DE5-4E2B-9DCC-36436F160155}.Release|Any CPU.Deploy.0 = Release|Any CPU
		{0E76DA7C-5DE5-4E2B-9DCC-36436F160155}.Release|iPhone.ActiveCfg = Release|Any CPU
		{0E76DA7C-5DE5-4E2B-9DCC-36436F160155}.Release|iPhone.Build.0 = Release|Any CPU
		{0E76DA7C-5DE5-4E2B-9DCC-36436F160155}.Release|iPhone.Deploy.0 = Release|Any CPU
		{0E76DA7C-5DE5-4E2B-9DCC-36436F160155}.Release|iPhoneSimulator.ActiveCfg = Release|Any CPU
		{0E76DA7C-5DE5-4E2B-9DCC-36436F160155}.Release|iPhoneSimulator.Build.0 = Release|Any CPU
		{0E76DA7C-5DE5-4E2B-9DCC-36436F160155}.Release|iPhoneSimulator.Deploy.0 = Release|Any CPU
		{15ED4FFA-5C3B-4B0F-A216-A3353BD97F5B}.Ad-Hoc|Any CPU.ActiveCfg = Ad-Hoc|iPhone
		{15ED4FFA-5C3B-4B0F-A216-A3353BD97F5B}.Ad-Hoc|Any CPU.Build.0 = Ad-Hoc|iPhone
		{15ED4FFA-5C3B-4B0F-A216-A3353BD97F5B}.Ad-Hoc|Any CPU.Deploy.0 = Ad-Hoc|iPhone
		{15ED4FFA-5C3B-4B0F-A216-A3353BD97F5B}.Ad-Hoc|iPhone.ActiveCfg = Ad-Hoc|iPhone
		{15ED4FFA-5C3B-4B0F-A216-A3353BD97F5B}.Ad-Hoc|iPhone.Build.0 = Ad-Hoc|iPhone
		{15ED4FFA-5C3B-4B0F-A216-A3353BD97F5B}.Ad-Hoc|iPhone.Deploy.0 = Ad-Hoc|iPhone
		{15ED4FFA-5C3B-4B0F-A216-A3353BD97F5B}.Ad-Hoc|iPhoneSimulator.ActiveCfg = Ad-Hoc|iPhoneSimulator
		{15ED4FFA-5C3B-4B0F-A216-A3353BD97F5B}.Ad-Hoc|iPhoneSimulator.Build.0 = Ad-Hoc|iPhoneSimulator
		{15ED4FFA-5C3B-4B0F-A216-A3353BD97F5B}.Ad-Hoc|iPhoneSimulator.Deploy.0 = Ad-Hoc|iPhoneSimulator
		{15ED4FFA-5C3B-4B0F-A216-A3353BD97F5B}.AppStore|Any CPU.ActiveCfg = AppStore|iPhone
		{15ED4FFA-5C3B-4B0F-A216-A3353BD97F5B}.AppStore|Any CPU.Build.0 = AppStore|iPhone
		{15ED4FFA-5C3B-4B0F-A216-A3353BD97F5B}.AppStore|Any CPU.Deploy.0 = AppStore|iPhone
		{15ED4FFA-5C3B-4B0F-A216-A3353BD97F5B}.AppStore|iPhone.ActiveCfg = AppStore|iPhone
		{15ED4FFA-5C3B-4B0F-A216-A3353BD97F5B}.AppStore|iPhone.Build.0 = AppStore|iPhone
		{15ED4FFA-5C3B-4B0F-A216-A3353BD97F5B}.AppStore|iPhone.Deploy.0 = AppStore|iPhone
		{15ED4FFA-5C3B-4B0F-A216-A3353BD97F5B}.AppStore|iPhoneSimulator.ActiveCfg = AppStore|iPhoneSimulator
		{15ED4FFA-5C3B-4B0F-A216-A3353BD97F5B}.AppStore|iPhoneSimulator.Build.0 = AppStore|iPhoneSimulator
		{15ED4FFA-5C3B-4B0F-A216-A3353BD97F5B}.AppStore|iPhoneSimulator.Deploy.0 = AppStore|iPhoneSimulator
		{15ED4FFA-5C3B-4B0F-A216-A3353BD97F5B}.Debug|Any CPU.ActiveCfg = Debug|iPhoneSimulator
		{15ED4FFA-5C3B-4B0F-A216-A3353BD97F5B}.Debug|Any CPU.Build.0 = Debug|iPhoneSimulator
		{15ED4FFA-5C3B-4B0F-A216-A3353BD97F5B}.Debug|Any CPU.Deploy.0 = Debug|iPhoneSimulator
		{15ED4FFA-5C3B-4B0F-A216-A3353BD97F5B}.Debug|iPhone.ActiveCfg = Debug|iPhone
		{15ED4FFA-5C3B-4B0F-A216-A3353BD97F5B}.Debug|iPhone.Build.0 = Debug|iPhone
		{15ED4FFA-5C3B-4B0F-A216-A3353BD97F5B}.Debug|iPhone.Deploy.0 = Debug|iPhone
		{15ED4FFA-5C3B-4B0F-A216-A3353BD97F5B}.Debug|iPhoneSimulator.ActiveCfg = Debug|iPhoneSimulator
		{15ED4FFA-5C3B-4B0F-A216-A3353BD97F5B}.Debug|iPhoneSimulator.Build.0 = Debug|iPhoneSimulator
		{15ED4FFA-5C3B-4B0F-A216-A3353BD97F5B}.Debug|iPhoneSimulator.Deploy.0 = Debug|iPhoneSimulator
		{15ED4FFA-5C3B-4B0F-A216-A3353BD97F5B}.Release|Any CPU.ActiveCfg = Release|iPhone
		{15ED4FFA-5C3B-4B0F-A216-A3353BD97F5B}.Release|Any CPU.Build.0 = Release|iPhone
		{15ED4FFA-5C3B-4B0F-A216-A3353BD97F5B}.Release|Any CPU.Deploy.0 = Release|iPhone
		{15ED4FFA-5C3B-4B0F-A216-A3353BD97F5B}.Release|iPhone.ActiveCfg = Release|iPhone
		{15ED4FFA-5C3B-4B0F-A216-A3353BD97F5B}.Release|iPhone.Build.0 = Release|iPhone
		{15ED4FFA-5C3B-4B0F-A216-A3353BD97F5B}.Release|iPhone.Deploy.0 = Release|iPhone
		{15ED4FFA-5C3B-4B0F-A216-A3353BD97F5B}.Release|iPhoneSimulator.ActiveCfg = Release|iPhoneSimulator
		{15ED4FFA-5C3B-4B0F-A216-A3353BD97F5B}.Release|iPhoneSimulator.Build.0 = Release|iPhoneSimulator
		{15ED4FFA-5C3B-4B0F-A216-A3353BD97F5B}.Release|iPhoneSimulator.Deploy.0 = Release|iPhoneSimulator
		{EE0685A0-B845-4473-AF17-341EAD256BBC}.Ad-Hoc|Any CPU.ActiveCfg = Debug|Any CPU
		{EE0685A0-B845-4473-AF17-341EAD256BBC}.Ad-Hoc|Any CPU.Build.0 = Debug|Any CPU
		{EE0685A0-B845-4473-AF17-341EAD256BBC}.Ad-Hoc|Any CPU.Deploy.0 = Debug|Any CPU
		{EE0685A0-B845-4473-AF17-341EAD256BBC}.Ad-Hoc|iPhone.ActiveCfg = Debug|Any CPU
		{EE0685A0-B845-4473-AF17-341EAD256BBC}.Ad-Hoc|iPhone.Build.0 = Debug|Any CPU
		{EE0685A0-B845-4473-AF17-341EAD256BBC}.Ad-Hoc|iPhone.Deploy.0 = Debug|Any CPU
		{EE0685A0-B845-4473-AF17-341EAD256BBC}.Ad-Hoc|iPhoneSimulator.ActiveCfg = Debug|Any CPU
		{EE0685A0-B845-4473-AF17-341EAD256BBC}.Ad-Hoc|iPhoneSimulator.Build.0 = Debug|Any CPU
		{EE0685A0-B845-4473-AF17-341EAD256BBC}.Ad-Hoc|iPhoneSimulator.Deploy.0 = Debug|Any CPU
		{EE0685A0-B845-4473-AF17-341EAD256BBC}.AppStore|Any CPU.ActiveCfg = Debug|Any CPU
		{EE0685A0-B845-4473-AF17-341EAD256BBC}.AppStore|Any CPU.Build.0 = Debug|Any CPU
		{EE0685A0-B845-4473-AF17-341EAD256BBC}.AppStore|Any CPU.Deploy.0 = Debug|Any CPU
		{EE0685A0-B845-4473-AF17-341EAD256BBC}.AppStore|iPhone.ActiveCfg = Debug|Any CPU
		{EE0685A0-B845-4473-AF17-341EAD256BBC}.AppStore|iPhone.Build.0 = Debug|Any CPU
		{EE0685A0-B845-4473-AF17-341EAD256BBC}.AppStore|iPhone.Deploy.0 = Debug|Any CPU
		{EE0685A0-B845-4473-AF17-341EAD256BBC}.AppStore|iPhoneSimulator.ActiveCfg = Debug|Any CPU
		{EE0685A0-B845-4473-AF17-341EAD256BBC}.AppStore|iPhoneSimulator.Build.0 = Debug|Any CPU
		{EE0685A0-B845-4473-AF17-341EAD256BBC}.AppStore|iPhoneSimulator.Deploy.0 = Debug|Any CPU
		{EE0685A0-B845-4473-AF17-341EAD256BBC}.Debug|Any CPU.ActiveCfg = Debug|Any CPU
		{EE0685A0-B845-4473-AF17-341EAD256BBC}.Debug|Any CPU.Build.0 = Debug|Any CPU
		{EE0685A0-B845-4473-AF17-341EAD256BBC}.Debug|Any CPU.Deploy.0 = Debug|Any CPU
		{EE0685A0-B845-4473-AF17-341EAD256BBC}.Debug|iPhone.ActiveCfg = Debug|Any CPU
		{EE0685A0-B845-4473-AF17-341EAD256BBC}.Debug|iPhone.Build.0 = Debug|Any CPU
		{EE0685A0-B845-4473-AF17-341EAD256BBC}.Debug|iPhone.Deploy.0 = Debug|Any CPU
		{EE0685A0-B845-4473-AF17-341EAD256BBC}.Debug|iPhoneSimulator.ActiveCfg = Debug|Any CPU
		{EE0685A0-B845-4473-AF17-341EAD256BBC}.Debug|iPhoneSimulator.Build.0 = Debug|Any CPU
		{EE0685A0-B845-4473-AF17-341EAD256BBC}.Debug|iPhoneSimulator.Deploy.0 = Debug|Any CPU
		{EE0685A0-B845-4473-AF17-341EAD256BBC}.Release|Any CPU.ActiveCfg = Release|Any CPU
		{EE0685A0-B845-4473-AF17-341EAD256BBC}.Release|Any CPU.Build.0 = Release|Any CPU
		{EE0685A0-B845-4473-AF17-341EAD256BBC}.Release|Any CPU.Deploy.0 = Release|Any CPU
		{EE0685A0-B845-4473-AF17-341EAD256BBC}.Release|iPhone.ActiveCfg = Release|Any CPU
		{EE0685A0-B845-4473-AF17-341EAD256BBC}.Release|iPhone.Build.0 = Release|Any CPU
		{EE0685A0-B845-4473-AF17-341EAD256BBC}.Release|iPhone.Deploy.0 = Release|Any CPU
		{EE0685A0-B845-4473-AF17-341EAD256BBC}.Release|iPhoneSimulator.ActiveCfg = Release|Any CPU
		{EE0685A0-B845-4473-AF17-341EAD256BBC}.Release|iPhoneSimulator.Build.0 = Release|Any CPU
		{EE0685A0-B845-4473-AF17-341EAD256BBC}.Release|iPhoneSimulator.Deploy.0 = Release|Any CPU
		{09329374-68DE-4F95-9440-DED8E41B6475}.Ad-Hoc|Any CPU.ActiveCfg = Debug|Any CPU
		{09329374-68DE-4F95-9440-DED8E41B6475}.Ad-Hoc|Any CPU.Build.0 = Debug|Any CPU
		{09329374-68DE-4F95-9440-DED8E41B6475}.Ad-Hoc|iPhone.ActiveCfg = Debug|Any CPU
		{09329374-68DE-4F95-9440-DED8E41B6475}.Ad-Hoc|iPhone.Build.0 = Debug|Any CPU
		{09329374-68DE-4F95-9440-DED8E41B6475}.Ad-Hoc|iPhoneSimulator.ActiveCfg = Debug|Any CPU
		{09329374-68DE-4F95-9440-DED8E41B6475}.Ad-Hoc|iPhoneSimulator.Build.0 = Debug|Any CPU
		{09329374-68DE-4F95-9440-DED8E41B6475}.AppStore|Any CPU.ActiveCfg = Debug|Any CPU
		{09329374-68DE-4F95-9440-DED8E41B6475}.AppStore|Any CPU.Build.0 = Debug|Any CPU
		{09329374-68DE-4F95-9440-DED8E41B6475}.AppStore|iPhone.ActiveCfg = Debug|Any CPU
		{09329374-68DE-4F95-9440-DED8E41B6475}.AppStore|iPhone.Build.0 = Debug|Any CPU
		{09329374-68DE-4F95-9440-DED8E41B6475}.AppStore|iPhoneSimulator.ActiveCfg = Debug|Any CPU
		{09329374-68DE-4F95-9440-DED8E41B6475}.AppStore|iPhoneSimulator.Build.0 = Debug|Any CPU
		{09329374-68DE-4F95-9440-DED8E41B6475}.Debug|Any CPU.ActiveCfg = Debug|Any CPU
		{09329374-68DE-4F95-9440-DED8E41B6475}.Debug|Any CPU.Build.0 = Debug|Any CPU
		{09329374-68DE-4F95-9440-DED8E41B6475}.Debug|iPhone.ActiveCfg = Debug|Any CPU
		{09329374-68DE-4F95-9440-DED8E41B6475}.Debug|iPhone.Build.0 = Debug|Any CPU
		{09329374-68DE-4F95-9440-DED8E41B6475}.Debug|iPhoneSimulator.ActiveCfg = Debug|Any CPU
		{09329374-68DE-4F95-9440-DED8E41B6475}.Debug|iPhoneSimulator.Build.0 = Debug|Any CPU
		{09329374-68DE-4F95-9440-DED8E41B6475}.Release|Any CPU.ActiveCfg = Release|Any CPU
		{09329374-68DE-4F95-9440-DED8E41B6475}.Release|Any CPU.Build.0 = Release|Any CPU
		{09329374-68DE-4F95-9440-DED8E41B6475}.Release|iPhone.ActiveCfg = Release|Any CPU
		{09329374-68DE-4F95-9440-DED8E41B6475}.Release|iPhone.Build.0 = Release|Any CPU
		{09329374-68DE-4F95-9440-DED8E41B6475}.Release|iPhoneSimulator.ActiveCfg = Release|Any CPU
		{09329374-68DE-4F95-9440-DED8E41B6475}.Release|iPhoneSimulator.Build.0 = Release|Any CPU
	EndGlobalSection
	GlobalSection(SolutionProperties) = preSolution
		HideSolutionNode = FALSE
	EndGlobalSection
	GlobalSection(ExtensibilityGlobals) = postSolution
		SolutionGuid = {1969C6A0-7D21-4A4B-87FA-19CD20F3D02A}
	EndGlobalSection
EndGlobal
